<?xml version="1.0" encoding="utf-8"?>
<Project ToolsVersion="4.0" xmlns="http://schemas.microsoft.com/developer/msbuild/2003">
  <ItemGroup>
    <Filter Include="Source Files">
      <UniqueIdentifier>{4FC737F1-C7A5-4376-A066-2A32D752A2FF}</UniqueIdentifier>
      <Extensions>cpp;cxx;c;def</Extensions>
    </Filter>
    <Filter Include="Header Files">
      <UniqueIdentifier>{93995380-89BD-4b04-88EB-625FBE52EBFB}</UniqueIdentifier>
      <Extensions>h</Extensions>
    </Filter>
    <Filter Include="Form Files">
      <UniqueIdentifier>{99349809-55BA-4b9d-BF79-8FDBB0286EB3}</UniqueIdentifier>
      <Extensions>ui</Extensions>
    </Filter>
    <Filter Include="Resource Files">
      <UniqueIdentifier>{D9D6E242-F8AF-46E4-B9FD-80ECBC20BA3E}</UniqueIdentifier>
      <Extensions>qrc;*</Extensions>
      <ParseFiles>false</ParseFiles>
    </Filter>
    <Filter Include="Generated Files">
      <UniqueIdentifier>{71ED8ED8-ACB9-4CE9-BBE1-E00B30144E11}</UniqueIdentifier>
      <Extensions>moc;h;cpp</Extensions>
      <SourceControlFiles>False</SourceControlFiles>
    </Filter>
    <Filter Include="Generated Files\Debug">
      <UniqueIdentifier>{2e0a5866-3851-4384-8d8b-ca46155a7d5e}</UniqueIdentifier>
      <Extensions>cpp;moc</Extensions>
      <SourceControlFiles>False</SourceControlFiles>
    </Filter>
    <Filter Include="Generated Files\Release">
      <UniqueIdentifier>{83cb5510-1f74-4f2f-9658-7ba6aa77c09e}</UniqueIdentifier>
      <Extensions>cpp;moc</Extensions>
      <SourceControlFiles>False</SourceControlFiles>
    </Filter>
    <Filter Include="Header Files\utility">
      <UniqueIdentifier>{d29e37c1-f35e-4022-b4fb-af95531294f8}</UniqueIdentifier>
    </Filter>
    <Filter Include="Source Files\utility">
      <UniqueIdentifier>{b3f8ab4c-27cd-4641-b778-4a6cfb514c36}</UniqueIdentifier>
    </Filter>
    <Filter Include="Header Files\enities">
      <UniqueIdentifier>{9cc1b953-0a2d-4129-9f76-59a27ec57b03}</UniqueIdentifier>
    </Filter>
    <Filter Include="Source Files\entities">
      <UniqueIdentifier>{6b800a71-c8d3-4a0f-94a8-bed79dc0ca01}</UniqueIdentifier>
    </Filter>
    <Filter Include="Icons">
      <UniqueIdentifier>{63054135-f1dc-40e3-9bc9-81ba6613f924}</UniqueIdentifier>
    </Filter>
  </ItemGroup>
  <ItemGroup>
    <ClCompile Include="src\utility\esdbconnection.cpp">
      <Filter>Source Files\utility</Filter>
    </ClCompile>
    <ClCompile Include="src\esloginwidget.cpp">
      <Filter>Source Files</Filter>
    </ClCompile>
    <ClCompile Include="src\esmainwindow.cpp">
      <Filter>Source Files</Filter>
    </ClCompile>
    <ClCompile Include="src\esmanagestockitems.cpp">
      <Filter>Source Files</Filter>
    </ClCompile>
    <ClCompile Include="src\main.cpp">
      <Filter>Source Files</Filter>
    </ClCompile>
    <ClCompile Include="GeneratedFiles\Debug\moc_esloginwidget.cpp">
      <Filter>Generated Files\Debug</Filter>
    </ClCompile>
    <ClCompile Include="GeneratedFiles\Release\moc_esloginwidget.cpp">
      <Filter>Generated Files\Release</Filter>
    </ClCompile>
    <ClCompile Include="GeneratedFiles\Debug\moc_esmainwindow.cpp">
      <Filter>Generated Files\Debug</Filter>
    </ClCompile>
    <ClCompile Include="GeneratedFiles\Release\moc_esmainwindow.cpp">
      <Filter>Generated Files\Release</Filter>
    </ClCompile>
    <ClCompile Include="GeneratedFiles\Debug\moc_esmanagestockitems.cpp">
      <Filter>Generated Files\Debug</Filter>
    </ClCompile>
    <ClCompile Include="GeneratedFiles\Release\moc_esmanagestockitems.cpp">
      <Filter>Generated Files\Release</Filter>
    </ClCompile>
    <ClCompile Include="src\utility\esmenumanager.cpp">
      <Filter>Source Files\utility</Filter>
    </ClCompile>
    <ClCompile Include="src\utility\session.cpp">
      <Filter>Source Files\utility</Filter>
    </ClCompile>
    <ClCompile Include="src\entities\user.cpp">
      <Filter>Source Files\entities</Filter>
    </ClCompile>
    <ClCompile Include="GeneratedFiles\Debug\moc_esitemcategories.cpp">
      <Filter>Generated Files\Debug</Filter>
    </ClCompile>
    <ClCompile Include="GeneratedFiles\Release\moc_esitemcategories.cpp">
      <Filter>Generated Files\Release</Filter>
    </ClCompile>
    <ClCompile Include="src\esitemcategories.cpp">
      <Filter>Source Files</Filter>
    </ClCompile>
    <ClCompile Include="GeneratedFiles\Debug\moc_esmanageitems.cpp">
      <Filter>Generated Files\Debug</Filter>
    </ClCompile>
    <ClCompile Include="src\esmanageitems.cpp">
      <Filter>Source Files</Filter>
    </ClCompile>
    <ClCompile Include="GeneratedFiles\Release\moc_esmanageitems.cpp">
      <Filter>Generated Files\Release</Filter>
    </ClCompile>
    <ClCompile Include="GeneratedFiles\Debug\moc_esitemprices.cpp">
      <Filter>Generated Files\Debug</Filter>
    </ClCompile>
    <ClCompile Include="GeneratedFiles\Release\moc_esitemprices.cpp">
      <Filter>Generated Files\Release</Filter>
    </ClCompile>
    <ClCompile Include="src\esitemprices.cpp">
      <Filter>Source Files</Filter>
    </ClCompile>
    <ClCompile Include="GeneratedFiles\Debug\moc_esaddstockitem.cpp">
      <Filter>Generated Files\Debug</Filter>
    </ClCompile>
    <ClCompile Include="GeneratedFiles\Release\moc_esaddstockitem.cpp">
      <Filter>Generated Files\Release</Filter>
    </ClCompile>
    <ClCompile Include="src\esaddstockitem.cpp">
      <Filter>Source Files</Filter>
    </ClCompile>
    <ClCompile Include="src\utility\esmainwindowholder.cpp">
      <Filter>Source Files\utility</Filter>
    </ClCompile>
    <ClCompile Include="GeneratedFiles\Debug\moc_esadditem.cpp">
      <Filter>Generated Files\Debug</Filter>
    </ClCompile>
    <ClCompile Include="src\esadditem.cpp">
      <Filter>Source Files</Filter>
    </ClCompile>
    <ClCompile Include="GeneratedFiles\Release\moc_esadditem.cpp">
      <Filter>Generated Files\Release</Filter>
    </ClCompile>
    <ClCompile Include="src\esadditemcategory.cpp">
      <Filter>Source Files</Filter>
    </ClCompile>
    <ClCompile Include="src\esadditemprice.cpp">
      <Filter>Source Files</Filter>
    </ClCompile>
    <ClCompile Include="GeneratedFiles\Debug\moc_esadditemcategory.cpp">
      <Filter>Generated Files\Debug</Filter>
    </ClCompile>
    <ClCompile Include="GeneratedFiles\Debug\moc_esadditemprice.cpp">
      <Filter>Generated Files\Debug</Filter>
    </ClCompile>
    <ClCompile Include="GeneratedFiles\Release\moc_esadditemprice.cpp">
      <Filter>Generated Files\Release</Filter>
    </ClCompile>
    <ClCompile Include="GeneratedFiles\Release\moc_esadditemcategory.cpp">
      <Filter>Generated Files\Release</Filter>
    </ClCompile>
    <ClCompile Include="src\utility\Utility.cpp">
      <Filter>Source Files\utility</Filter>
    </ClCompile>
    <ClCompile Include="GeneratedFiles\Debug\moc_esmanageorderitems.cpp">
      <Filter>Generated Files\Debug</Filter>
    </ClCompile>
    <ClCompile Include="GeneratedFiles\Release\moc_esmanageorderitems.cpp">
      <Filter>Generated Files\Release</Filter>
    </ClCompile>
    <ClCompile Include="src\esmanageorderitems.cpp">
      <Filter>Source Files</Filter>
    </ClCompile>
    <ClCompile Include="src\esaddorderitem.cpp">
      <Filter>Source Files</Filter>
    </ClCompile>
    <ClCompile Include="GeneratedFiles\Debug\moc_esaddorderitem.cpp">
      <Filter>Generated Files\Debug</Filter>
    </ClCompile>
    <ClCompile Include="GeneratedFiles\Release\moc_esaddorderitem.cpp">
      <Filter>Generated Files\Release</Filter>
    </ClCompile>
    <ClCompile Include="GeneratedFiles\Debug\moc_esaddbill.cpp">
      <Filter>Generated Files\Debug</Filter>
    </ClCompile>
    <ClCompile Include="src\esaddbill.cpp">
      <Filter>Source Files</Filter>
    </ClCompile>
    <ClCompile Include="GeneratedFiles\Release\moc_esaddbill.cpp">
      <Filter>Generated Files\Release</Filter>
    </ClCompile>
    <ClCompile Include="GeneratedFiles\Debug\moc_esaddbillitem.cpp">
      <Filter>Generated Files\Debug</Filter>
    </ClCompile>
    <ClCompile Include="GeneratedFiles\Release\moc_esaddbillitem.cpp">
      <Filter>Generated Files\Release</Filter>
    </ClCompile>
    <ClCompile Include="src\esaddbillitem.cpp">
      <Filter>Source Files</Filter>
    </ClCompile>
    <ClCompile Include="src\entities\bill.cpp">
      <Filter>Source Files\entities</Filter>
    </ClCompile>
    <ClCompile Include="src\entities\SaleLineEdit.cpp">
      <Filter>Source Files\entities</Filter>
    </ClCompile>
    <ClCompile Include="GeneratedFiles\Debug\moc_SaleLineEdit.cpp">
      <Filter>Generated Files\Debug</Filter>
    </ClCompile>
    <ClCompile Include="GeneratedFiles\Release\moc_SaleLineEdit.cpp">
      <Filter>Generated Files\Release</Filter>
    </ClCompile>
    <ClCompile Include="src\escurrentbills.cpp">
      <Filter>Source Files</Filter>
    </ClCompile>
    <ClCompile Include="GeneratedFiles\Debug\moc_escurrentbills.cpp">
      <Filter>Generated Files\Debug</Filter>
    </ClCompile>
    <ClCompile Include="GeneratedFiles\Release\moc_escurrentbills.cpp">
      <Filter>Generated Files\Release</Filter>
    </ClCompile>
    <ClCompile Include="GeneratedFiles\Debug\moc_escashbalanceconfigure.cpp">
      <Filter>Generated Files\Debug</Filter>
    </ClCompile>
    <ClCompile Include="GeneratedFiles\Release\moc_escashbalanceconfigure.cpp">
      <Filter>Generated Files\Release</Filter>
    </ClCompile>
    <ClCompile Include="src\escashbalanceconfigure.cpp">
      <Filter>Source Files</Filter>
    </ClCompile>
    <ClCompile Include="GeneratedFiles\Debug\moc_escashbalancestatus.cpp">
      <Filter>Generated Files\Debug</Filter>
    </ClCompile>
    <ClCompile Include="GeneratedFiles\Release\moc_escashbalancestatus.cpp">
      <Filter>Generated Files\Release</Filter>
    </ClCompile>
    <ClCompile Include="src\escashbalancestatus.cpp">
      <Filter>Source Files</Filter>
    </ClCompile>
    <ClCompile Include="src\esmanageusers.cpp">
      <Filter>Source Files</Filter>
    </ClCompile>
    <ClCompile Include="GeneratedFiles\Debug\moc_esmanageusers.cpp">
      <Filter>Generated Files\Debug</Filter>
    </ClCompile>
    <ClCompile Include="GeneratedFiles\Release\moc_esmanageusers.cpp">
      <Filter>Generated Files\Release</Filter>
    </ClCompile>
    <ClCompile Include="src\esmanagesuppliers.cpp">
      <Filter>Source Files</Filter>
    </ClCompile>
    <ClCompile Include="GeneratedFiles\Debug\moc_esmanagesuppliers.cpp">
      <Filter>Generated Files\Debug</Filter>
    </ClCompile>
    <ClCompile Include="GeneratedFiles\Release\moc_esmanagesuppliers.cpp">
      <Filter>Generated Files\Release</Filter>
    </ClCompile>
    <ClCompile Include="src\esordercheckin.cpp">
      <Filter>Source Files</Filter>
    </ClCompile>
    <ClCompile Include="GeneratedFiles\Debug\moc_esordercheckin.cpp">
      <Filter>Generated Files\Debug</Filter>
    </ClCompile>
    <ClCompile Include="GeneratedFiles\Release\moc_esordercheckin.cpp">
      <Filter>Generated Files\Release</Filter>
    </ClCompile>
    <ClCompile Include="src\esaddmanualstockitemswidget.cpp">
      <Filter>Source Files</Filter>
    </ClCompile>
    <ClCompile Include="GeneratedFiles\Debug\moc_esaddmanualstockitemswidget.cpp">
      <Filter>Generated Files\Debug</Filter>
    </ClCompile>
    <ClCompile Include="GeneratedFiles\Release\moc_esaddmanualstockitemswidget.cpp">
      <Filter>Generated Files\Release</Filter>
    </ClCompile>
    <ClCompile Include="GeneratedFiles\Debug\moc_esgenericsalesstatistics.cpp">
      <Filter>Generated Files\Debug</Filter>
    </ClCompile>
    <ClCompile Include="GeneratedFiles\Release\moc_esgenericsalesstatistics.cpp">
      <Filter>Generated Files\Release</Filter>
    </ClCompile>
    <ClCompile Include="src\esgenericsalesstatistics.cpp">
      <Filter>Source Files</Filter>
    </ClCompile>
    <ClCompile Include="GeneratedFiles\Debug\moc_esgeneratestatisticswidget.cpp">
      <Filter>Generated Files\Debug</Filter>
    </ClCompile>
    <ClCompile Include="GeneratedFiles\Release\moc_esgeneratestatisticswidget.cpp">
      <Filter>Generated Files\Release</Filter>
    </ClCompile>
    <ClCompile Include="src\esgeneratestatisticswidget.cpp">
      <Filter>Source Files</Filter>
    </ClCompile>
    <ClCompile Include="src\esmanagesupplieritem.cpp">
      <Filter>Source Files</Filter>
    </ClCompile>
    <ClCompile Include="GeneratedFiles\Debug\moc_esmanagesupplieritem.cpp">
      <Filter>Generated Files\Debug</Filter>
    </ClCompile>
    <ClCompile Include="GeneratedFiles\Release\moc_esmanagesupplieritem.cpp">
      <Filter>Generated Files\Release</Filter>
    </ClCompile>
    <ClCompile Include="GeneratedFiles\Debug\moc_essystemsettings.cpp">
      <Filter>Generated Files\Debug</Filter>
    </ClCompile>
    <ClCompile Include="GeneratedFiles\Release\moc_essystemsettings.cpp">
      <Filter>Generated Files\Release</Filter>
    </ClCompile>
    <ClCompile Include="src\essystemsettings.cpp">
      <Filter>Source Files</Filter>
    </ClCompile>
    <ClCompile Include="GeneratedFiles\Debug\moc_escalculator.cpp">
      <Filter>Generated Files\Debug</Filter>
    </ClCompile>
    <ClCompile Include="GeneratedFiles\Release\moc_escalculator.cpp">
      <Filter>Generated Files\Release</Filter>
    </ClCompile>
    <ClCompile Include="src\escalculator.cpp">
      <Filter>Source Files</Filter>
    </ClCompile>
    <ClCompile Include="GeneratedFiles\Debug\moc_espaymentwidget.cpp">
      <Filter>Generated Files\Debug</Filter>
    </ClCompile>
    <ClCompile Include="GeneratedFiles\Release\moc_espaymentwidget.cpp">
      <Filter>Generated Files\Release</Filter>
    </ClCompile>
    <ClCompile Include="src\espaymentwidget.cpp">
      <Filter>Source Files</Filter>
    </ClCompile>
    <ClCompile Include="src\esbackuprestore.cpp">
      <Filter>Source Files</Filter>
    </ClCompile>
    <ClCompile Include="GeneratedFiles\Debug\moc_esbackuprestore.cpp">
      <Filter>Generated Files\Debug</Filter>
    </ClCompile>
    <ClCompile Include="GeneratedFiles\Release\moc_esbackuprestore.cpp">
      <Filter>Generated Files\Release</Filter>
    </ClCompile>
    <ClCompile Include="GeneratedFiles\Debug\moc_esreturnitems.cpp">
      <Filter>Generated Files\Debug</Filter>
    </ClCompile>
    <ClCompile Include="GeneratedFiles\Release\moc_esreturnitems.cpp">
      <Filter>Generated Files\Release</Filter>
    </ClCompile>
    <ClCompile Include="src\esreturnitems.cpp">
      <Filter>Source Files</Filter>
    </ClCompile>
    <ClCompile Include="src\esstockreport.cpp">
      <Filter>Source Files</Filter>
    </ClCompile>
    <ClCompile Include="GeneratedFiles\Debug\moc_esstockreport.cpp">
      <Filter>Generated Files\Debug</Filter>
    </ClCompile>
    <ClCompile Include="GeneratedFiles\Release\moc_esstockreport.cpp">
      <Filter>Generated Files\Release</Filter>
    </ClCompile>
    <ClCompile Include="src\esreminders.cpp">
      <Filter>Source Files</Filter>
    </ClCompile>
    <ClCompile Include="GeneratedFiles\Debug\moc_esreminders.cpp">
      <Filter>Generated Files\Debug</Filter>
    </ClCompile>
    <ClCompile Include="GeneratedFiles\Release\moc_esreminders.cpp">
      <Filter>Generated Files\Release</Filter>
    </ClCompile>
    <ClCompile Include="src\esaddcustomer.cpp">
      <Filter>Source Files</Filter>
    </ClCompile>
    <ClCompile Include="GeneratedFiles\Debug\moc_esaddcustomer.cpp">
      <Filter>Generated Files\Debug</Filter>
    </ClCompile>
    <ClCompile Include="GeneratedFiles\Release\moc_esaddcustomer.cpp">
      <Filter>Generated Files\Release</Filter>
    </ClCompile>
    <ClCompile Include="src\escustomerinfo.cpp">
      <Filter>Source Files</Filter>
    </ClCompile>
    <ClCompile Include="GeneratedFiles\Debug\moc_escustomerinfo.cpp">
      <Filter>Generated Files\Debug</Filter>
    </ClCompile>
    <ClCompile Include="GeneratedFiles\Release\moc_escustomerinfo.cpp">
      <Filter>Generated Files\Release</Filter>
    </ClCompile>
    <ClCompile Include="src\essinglepayment.cpp">
      <Filter>Source Files</Filter>
    </ClCompile>
    <ClCompile Include="GeneratedFiles\Debug\moc_essinglepayment.cpp">
      <Filter>Generated Files\Debug</Filter>
    </ClCompile>
    <ClCompile Include="GeneratedFiles\Release\moc_essinglepayment.cpp">
      <Filter>Generated Files\Release</Filter>
    </ClCompile>
    <ClCompile Include="src\esmultiplepayment.cpp">
      <Filter>Source Files</Filter>
    </ClCompile>
    <ClCompile Include="GeneratedFiles\Debug\moc_esmultiplepayment.cpp">
      <Filter>Generated Files\Debug</Filter>
    </ClCompile>
    <ClCompile Include="GeneratedFiles\Release\moc_esmultiplepayment.cpp">
      <Filter>Generated Files\Release</Filter>
    </ClCompile>
    <ClCompile Include="src\entities\tabletextwidget.cpp">
      <Filter>Source Files\entities</Filter>
    </ClCompile>
    <ClCompile Include="GeneratedFiles\Debug\moc_tabletextwidget.cpp">
      <Filter>Generated Files\Debug</Filter>
    </ClCompile>
    <ClCompile Include="GeneratedFiles\Release\moc_tabletextwidget.cpp">
      <Filter>Generated Files\Release</Filter>
    </ClCompile>
    <ClCompile Include="GeneratedFiles\qrc_test.cpp">
      <Filter>Generated Files</Filter>
    </ClCompile>
    <ClCompile Include="src\esauthentication.cpp">
      <Filter>Source Files</Filter>
    </ClCompile>
    <ClCompile Include="GeneratedFiles\Debug\moc_esauthentication.cpp">
      <Filter>Generated Files\Debug</Filter>
    </ClCompile>
    <ClCompile Include="GeneratedFiles\Release\moc_esauthentication.cpp">
      <Filter>Generated Files\Release</Filter>
    </ClCompile>
    <ClCompile Include="src\essecondarydisplay.cpp">
      <Filter>Source Files</Filter>
    </ClCompile>
    <ClCompile Include="GeneratedFiles\Debug\moc_essecondarydisplay.cpp">
      <Filter>Generated Files\Debug</Filter>
    </ClCompile>
    <ClCompile Include="GeneratedFiles\Release\moc_essecondarydisplay.cpp">
      <Filter>Generated Files\Release</Filter>
    </ClCompile>
    <ClCompile Include="GeneratedFiles\Debug\moc_essalesummaryreport.cpp">
      <Filter>Generated Files\Debug</Filter>
    </ClCompile>
    <ClCompile Include="GeneratedFiles\Release\moc_essalesummaryreport.cpp">
      <Filter>Generated Files\Release</Filter>
    </ClCompile>
    <ClCompile Include="src\essalesummaryreport.cpp">
      <Filter>Source Files</Filter>
    </ClCompile>
    <ClCompile Include="src\escutomeroutstanding.cpp">
      <Filter>Source Files</Filter>
    </ClCompile>
    <ClCompile Include="GeneratedFiles\Debug\moc_escutomeroutstanding.cpp">
      <Filter>Generated Files\Debug</Filter>
    </ClCompile>
    <ClCompile Include="GeneratedFiles\Release\moc_escutomeroutstanding.cpp">
      <Filter>Generated Files\Release</Filter>
    </ClCompile>
    <ClCompile Include="GeneratedFiles\Debug\moc_espettycashsummary.cpp">
      <Filter>Generated Files\Debug</Filter>
    </ClCompile>
    <ClCompile Include="src\espettycashsummary.cpp">
      <Filter>Source Files</Filter>
    </ClCompile>
    <ClCompile Include="GeneratedFiles\Release\moc_espettycashsummary.cpp">
      <Filter>Generated Files\Release</Filter>
    </ClCompile>
    <ClCompile Include="GeneratedFiles\Debug\moc_essalesreportcontainer.cpp">
      <Filter>Generated Files\Debug</Filter>
    </ClCompile>
    <ClCompile Include="GeneratedFiles\Release\moc_essalesreportcontainer.cpp">
      <Filter>Generated Files\Release</Filter>
    </ClCompile>
    <ClCompile Include="src\essalesreportcontainer.cpp">
      <Filter>Source Files</Filter>
    </ClCompile>
    <ClCompile Include="GeneratedFiles\Debug\moc_esreturnsummary.cpp">
      <Filter>Generated Files\Debug</Filter>
    </ClCompile>
    <ClCompile Include="GeneratedFiles\Release\moc_esreturnsummary.cpp">
      <Filter>Generated Files\Release</Filter>
    </ClCompile>
    <ClCompile Include="src\esreturnsummary.cpp">
      <Filter>Source Files</Filter>
    </ClCompile>
    <ClCompile Include="src\espaymentdetails.cpp">
      <Filter>Source Files</Filter>
    </ClCompile>
    <ClCompile Include="GeneratedFiles\Debug\moc_espaymentdetails.cpp">
      <Filter>Generated Files\Debug</Filter>
    </ClCompile>
    <ClCompile Include="GeneratedFiles\Release\moc_espaymentdetails.cpp">
      <Filter>Generated Files\Release</Filter>
    </ClCompile>
    <ClCompile Include="GeneratedFiles\Debug\moc_esoveralllsalessummary.cpp">
      <Filter>Generated Files\Debug</Filter>
    </ClCompile>
    <ClCompile Include="GeneratedFiles\Release\moc_esoveralllsalessummary.cpp">
      <Filter>Generated Files\Release</Filter>
    </ClCompile>
    <ClCompile Include="src\esoveralllsalessummary.cpp">
      <Filter>Source Files</Filter>
    </ClCompile>
    <ClCompile Include="GeneratedFiles\Debug\moc_eslatepayment.cpp">
      <Filter>Generated Files\Debug</Filter>
    </ClCompile>
    <ClCompile Include="GeneratedFiles\Release\moc_eslatepayment.cpp">
      <Filter>Generated Files\Release</Filter>
    </ClCompile>
    <ClCompile Include="src\eslatepayment.cpp">
      <Filter>Source Files</Filter>
    </ClCompile>
    <ClCompile Include="src\entities\returnbill.cpp">
      <Filter>Source Files\entities</Filter>
    </ClCompile>
    <ClCompile Include="src\eschequeinformation.cpp">
      <Filter>Source Files</Filter>
    </ClCompile>
    <ClCompile Include="GeneratedFiles\Debug\moc_eschequeinformation.cpp">
      <Filter>Generated Files\Debug</Filter>
    </ClCompile>
    <ClCompile Include="GeneratedFiles\Release\moc_eschequeinformation.cpp">
      <Filter>Generated Files\Release</Filter>
    </ClCompile>
    <ClCompile Include="src\esaddbillitem2.cpp">
      <Filter>Source Files</Filter>
    </ClCompile>
    <ClCompile Include="GeneratedFiles\Debug\moc_esaddbillitem2.cpp">
      <Filter>Generated Files\Debug</Filter>
    </ClCompile>
    <ClCompile Include="GeneratedFiles\Release\moc_esaddbillitem2.cpp">
      <Filter>Generated Files\Release</Filter>
    </ClCompile>
    <ClCompile Include="GeneratedFiles\Debug\moc_esstockreportcontainer.cpp">
      <Filter>Generated Files\Debug</Filter>
    </ClCompile>
    <ClCompile Include="GeneratedFiles\Release\moc_esstockreportcontainer.cpp">
      <Filter>Generated Files\Release</Filter>
    </ClCompile>
    <ClCompile Include="src\esstockreportcontainer.cpp">
      <Filter>Source Files</Filter>
    </ClCompile>
  </ItemGroup>
  <ItemGroup>
    <CustomBuild Include="esmainwindow.ui">
      <Filter>Form Files</Filter>
    </CustomBuild>
    <CustomBuild Include="loginwidget.ui">
      <Filter>Form Files</Filter>
    </CustomBuild>
    <CustomBuild Include="managestockitems.ui">
      <Filter>Form Files</Filter>
    </CustomBuild>
    <CustomBuild Include="includes\esloginwidget.h">
      <Filter>Header Files</Filter>
    </CustomBuild>
    <CustomBuild Include="includes\esmainwindow.h">
      <Filter>Header Files</Filter>
    </CustomBuild>
    <CustomBuild Include="includes\esmanagestockitems.h">
      <Filter>Header Files</Filter>
    </CustomBuild>
    <CustomBuild Include="itemcategories.ui">
      <Filter>Form Files</Filter>
    </CustomBuild>
    <CustomBuild Include="itemprices.ui">
      <Filter>Form Files</Filter>
    </CustomBuild>
    <CustomBuild Include="manageitems.ui">
      <Filter>Form Files</Filter>
    </CustomBuild>
    <CustomBuild Include="includes\esitemcategories.h">
      <Filter>Header Files</Filter>
    </CustomBuild>
    <CustomBuild Include="includes\esmanageitems.h">
      <Filter>Header Files</Filter>
    </CustomBuild>
    <CustomBuild Include="includes\esitemprices.h">
      <Filter>Header Files</Filter>
    </CustomBuild>
    <CustomBuild Include="includes\esaddstockitem.h">
      <Filter>Header Files</Filter>
    </CustomBuild>
    <CustomBuild Include="addstockitem.ui">
      <Filter>Form Files</Filter>
    </CustomBuild>
    <CustomBuild Include="includes\esadditem.h">
      <Filter>Header Files</Filter>
    </CustomBuild>
    <CustomBuild Include="additemwidget.ui">
      <Filter>Form Files</Filter>
    </CustomBuild>
    <CustomBuild Include="additemcategorywidget.ui">
      <Filter>Form Files</Filter>
    </CustomBuild>
    <CustomBuild Include="additempricewidget.ui">
      <Filter>Form Files</Filter>
    </CustomBuild>
    <CustomBuild Include="includes\esadditemcategory.h">
      <Filter>Header Files</Filter>
    </CustomBuild>
    <CustomBuild Include="includes\esadditemprice.h">
      <Filter>Header Files</Filter>
    </CustomBuild>
    <CustomBuild Include="manageorderitems.ui">
      <Filter>Form Files</Filter>
    </CustomBuild>
    <CustomBuild Include="includes\esmanageorderitems.h">
      <Filter>Header Files</Filter>
    </CustomBuild>
    <CustomBuild Include="addorderitemwidget.ui">
      <Filter>Form Files</Filter>
    </CustomBuild>
    <CustomBuild Include="includes\esaddorderitem.h">
      <Filter>Header Files</Filter>
    </CustomBuild>
    <CustomBuild Include="addbill.ui">
      <Filter>Form Files</Filter>
    </CustomBuild>
    <CustomBuild Include="includes\esaddbill.h">
      <Filter>Header Files</Filter>
    </CustomBuild>
    <CustomBuild Include="includes\esaddbillitem.h">
      <Filter>Header Files</Filter>
    </CustomBuild>
    <CustomBuild Include="addbillitem.ui">
      <Filter>Form Files</Filter>
    </CustomBuild>
    <CustomBuild Include="includes\entities\SaleLineEdit.h">
      <Filter>Header Files\enities</Filter>
    </CustomBuild>
    <CustomBuild Include="includes\escurrentbills.h">
      <Filter>Header Files</Filter>
    </CustomBuild>
    <CustomBuild Include="currentbills.ui">
      <Filter>Form Files</Filter>
    </CustomBuild>
    <CustomBuild Include="cashbalanceconfigure.ui">
      <Filter>Form Files</Filter>
    </CustomBuild>
    <CustomBuild Include="cashbalancestatus.ui">
      <Filter>Form Files</Filter>
    </CustomBuild>
    <CustomBuild Include="includes\escashbalanceconfigure.h">
      <Filter>Header Files</Filter>
    </CustomBuild>
    <CustomBuild Include="includes\escashbalancestatus.h">
      <Filter>Header Files</Filter>
    </CustomBuild>
    <CustomBuild Include="manageusers.ui">
      <Filter>Form Files</Filter>
    </CustomBuild>
    <CustomBuild Include="includes\esmanageusers.h">
      <Filter>Header Files</Filter>
    </CustomBuild>
    <CustomBuild Include="managesupplierswidget.ui">
      <Filter>Form Files</Filter>
    </CustomBuild>
    <CustomBuild Include="includes\esmanagesuppliers.h">
      <Filter>Header Files</Filter>
    </CustomBuild>
    <CustomBuild Include="includes\esordercheckin.h">
      <Filter>Header Files</Filter>
    </CustomBuild>
    <CustomBuild Include="ordercheckinwidget.ui">
      <Filter>Form Files</Filter>
    </CustomBuild>
    <CustomBuild Include="addmanualstockitems.ui">
      <Filter>Form Files</Filter>
    </CustomBuild>
    <CustomBuild Include="includes\esaddmanualstockitemswidget.h">
      <Filter>Header Files</Filter>
    </CustomBuild>
    <CustomBuild Include="includes\esgenericsalesstatistics.h">
      <Filter>Header Files</Filter>
    </CustomBuild>
    <CustomBuild Include="genericsalesreportwidget.ui">
      <Filter>Form Files</Filter>
    </CustomBuild>
    <CustomBuild Include="generatestatistics.ui">
      <Filter>Form Files</Filter>
    </CustomBuild>
    <CustomBuild Include="includes\esgeneratestatisticswidget.h">
      <Filter>Header Files</Filter>
    </CustomBuild>
    <CustomBuild Include="supplieritemwidget.ui">
      <Filter>Form Files</Filter>
    </CustomBuild>
    <CustomBuild Include="includes\esmanagesupplieritem.h">
      <Filter>Header Files</Filter>
    </CustomBuild>
    <CustomBuild Include="systemsettingswidget.ui">
      <Filter>Form Files</Filter>
    </CustomBuild>
    <CustomBuild Include="includes\essystemsettings.h">
      <Filter>Header Files</Filter>
    </CustomBuild>
    <CustomBuild Include="calculatorwidget.ui">
      <Filter>Form Files</Filter>
    </CustomBuild>
    <CustomBuild Include="includes\escalculator.h">
      <Filter>Header Files</Filter>
    </CustomBuild>
    <CustomBuild Include="paymentui.ui">
      <Filter>Form Files</Filter>
    </CustomBuild>
    <CustomBuild Include="includes\espaymentwidget.h">
      <Filter>Header Files</Filter>
    </CustomBuild>
    <CustomBuild Include="includes\esbackuprestore.h">
      <Filter>Header Files</Filter>
    </CustomBuild>
    <CustomBuild Include="backuprestore.ui">
      <Filter>Form Files</Filter>
    </CustomBuild>
    <CustomBuild Include="returnitems.ui">
      <Filter>Form Files</Filter>
    </CustomBuild>
    <CustomBuild Include="includes\esreturnitems.h">
      <Filter>Header Files</Filter>
    </CustomBuild>
    <CustomBuild Include="includes\esstockreport.h">
      <Filter>Header Files</Filter>
    </CustomBuild>
    <CustomBuild Include="reminders.ui">
      <Filter>Form Files</Filter>
    </CustomBuild>
    <CustomBuild Include="includes\esreminders.h">
      <Filter>Header Files</Filter>
    </CustomBuild>
    <CustomBuild Include="addcustomer.ui">
      <Filter>Form Files</Filter>
    </CustomBuild>
    <CustomBuild Include="customerinfo.ui">
      <Filter>Form Files</Filter>
    </CustomBuild>
    <CustomBuild Include="includes\esaddcustomer.h">
      <Filter>Header Files</Filter>
    </CustomBuild>
    <CustomBuild Include="includes\escustomerinfo.h">
      <Filter>Header Files</Filter>
    </CustomBuild>
    <CustomBuild Include="singlepayment.ui">
      <Filter>Form Files</Filter>
    </CustomBuild>
    <CustomBuild Include="includes\essinglepayment.h">
      <Filter>Header Files</Filter>
    </CustomBuild>
    <CustomBuild Include="multiplepayment.ui">
      <Filter>Form Files</Filter>
    </CustomBuild>
    <CustomBuild Include="includes\esmultiplepayment.h">
      <Filter>Header Files</Filter>
    </CustomBuild>
    <CustomBuild Include="includes\entities\tabletextwidget.h">
      <Filter>Header Files\enities</Filter>
    </CustomBuild>
    <CustomBuild Include="test.qrc">
      <Filter>Resource Files</Filter>
    </CustomBuild>
    <CustomBuild Include="authentication.ui">
      <Filter>Form Files</Filter>
    </CustomBuild>
    <CustomBuild Include="includes\esauthentication.h">
      <Filter>Header Files</Filter>
    </CustomBuild>
    <CustomBuild Include="secondarydisplaywidget.ui">
      <Filter>Form Files</Filter>
    </CustomBuild>
    <CustomBuild Include="includes\essecondarydisplay.h">
      <Filter>Header Files</Filter>
    </CustomBuild>
    <CustomBuild Include="salesummary.ui">
      <Filter>Form Files</Filter>
    </CustomBuild>
    <CustomBuild Include="includes\essalesummaryreport.h">
      <Filter>Header Files</Filter>
    </CustomBuild>
    <CustomBuild Include="customeroutstanding.ui">
      <Filter>Form Files</Filter>
    </CustomBuild>
    <CustomBuild Include="includes\escutomeroutstanding.h">
      <Filter>Header Files</Filter>
    </CustomBuild>
    <CustomBuild Include="includes\espettycashsummary.h">
      <Filter>Header Files</Filter>
    </CustomBuild>
    <CustomBuild Include="pettycashsummary.ui">
      <Filter>Form Files</Filter>
    </CustomBuild>
    <CustomBuild Include="salesreport.ui">
      <Filter>Form Files</Filter>
    </CustomBuild>
    <CustomBuild Include="includes\essalesreportcontainer.h">
      <Filter>Header Files</Filter>
    </CustomBuild>
    <CustomBuild Include="returnsummary.ui">
      <Filter>Form Files</Filter>
    </CustomBuild>
    <CustomBuild Include="includes\esreturnsummary.h">
      <Filter>Header Files</Filter>
    </CustomBuild>
    <CustomBuild Include="paymentdetails.ui">
      <Filter>Form Files</Filter>
    </CustomBuild>
    <CustomBuild Include="includes\espaymentdetails.h">
      <Filter>Header Files</Filter>
    </CustomBuild>
    <CustomBuild Include="overallsalessummary.ui">
      <Filter>Form Files</Filter>
    </CustomBuild>
    <CustomBuild Include="includes\esoveralllsalessummary.h">
      <Filter>Header Files</Filter>
    </CustomBuild>
    <CustomBuild Include="latepaymentwidget.ui">
      <Filter>Form Files</Filter>
    </CustomBuild>
    <CustomBuild Include="includes\eslatepayment.h">
      <Filter>Header Files</Filter>
    </CustomBuild>
    <CustomBuild Include="chequeinformation.ui">
      <Filter>Form Files</Filter>
    </CustomBuild>
    <CustomBuild Include="includes\eschequeinformation.h">
      <Filter>Header Files</Filter>
    </CustomBuild>
    <CustomBuild Include="includes\esaddbillitem2.h">
      <Filter>Header Files</Filter>
    </CustomBuild>
    <CustomBuild Include="includes\esstockreportcontainer.h">
      <Filter>Header Files</Filter>
    </CustomBuild>
    <CustomBuild Include="stockreport.ui">
      <Filter>Form Files</Filter>
    </CustomBuild>
    <CustomBuild Include="stockreportcontainer.ui">
      <Filter>Form Files</Filter>
    </CustomBuild>
  </ItemGroup>
  <ItemGroup>
    <ClInclude Include="includes\utility\esdbconnection.h">
      <Filter>Header Files\utility</Filter>
    </ClInclude>
    <ClInclude Include="includes\utility\esmenumanager.h">
      <Filter>Header Files\utility</Filter>
    </ClInclude>
    <ClInclude Include="includes\utility\session.h">
      <Filter>Header Files\utility</Filter>
    </ClInclude>
    <ClInclude Include="includes\entities\user.h">
      <Filter>Header Files\enities</Filter>
    </ClInclude>
    <ClInclude Include="GeneratedFiles\ui_itemcategories.h">
      <Filter>Generated Files</Filter>
    </ClInclude>
    <ClInclude Include="GeneratedFiles\ui_itemprices.h">
      <Filter>Generated Files</Filter>
    </ClInclude>
    <ClInclude Include="GeneratedFiles\ui_manageitems.h">
      <Filter>Generated Files</Filter>
    </ClInclude>
    <ClInclude Include="GeneratedFiles\ui_addstockitem.h">
      <Filter>Generated Files</Filter>
    </ClInclude>
    <ClInclude Include="includes\utility\esmainwindowholder.h">
      <Filter>Header Files\utility</Filter>
    </ClInclude>
    <ClInclude Include="GeneratedFiles\ui_additemwidget.h">
      <Filter>Generated Files</Filter>
    </ClInclude>
    <ClInclude Include="GeneratedFiles\ui_additemcategorywidget.h">
      <Filter>Generated Files</Filter>
    </ClInclude>
    <ClInclude Include="GeneratedFiles\ui_additempricewidget.h">
      <Filter>Generated Files</Filter>
    </ClInclude>
    <ClInclude Include="includes\utility\utility.h">
      <Filter>Header Files\utility</Filter>
    </ClInclude>
    <ClInclude Include="GeneratedFiles\ui_manageorderitems.h">
      <Filter>Generated Files</Filter>
    </ClInclude>
    <ClInclude Include="GeneratedFiles\ui_addorderitemwidget.h">
      <Filter>Generated Files</Filter>
    </ClInclude>
    <ClInclude Include="GeneratedFiles\ui_addbill.h">
      <Filter>Generated Files</Filter>
    </ClInclude>
    <ClInclude Include="GeneratedFiles\ui_addbillitem.h">
      <Filter>Generated Files</Filter>
    </ClInclude>
    <ClInclude Include="includes\entities\bill.h">
      <Filter>Header Files\enities</Filter>
    </ClInclude>
    <ClInclude Include="GeneratedFiles\ui_currentbills.h">
      <Filter>Generated Files</Filter>
    </ClInclude>
    <ClInclude Include="GeneratedFiles\ui_cashbalanceconfigure.h">
      <Filter>Generated Files</Filter>
    </ClInclude>
    <ClInclude Include="GeneratedFiles\ui_cashbalancestatus.h">
      <Filter>Generated Files</Filter>
    </ClInclude>
    <ClInclude Include="GeneratedFiles\ui_manageusers.h">
      <Filter>Generated Files</Filter>
    </ClInclude>
    <ClInclude Include="GeneratedFiles\ui_managesupplierswidget.h">
      <Filter>Generated Files</Filter>
    </ClInclude>
    <ClInclude Include="GeneratedFiles\ui_ordercheckinwidget.h">
      <Filter>Generated Files</Filter>
    </ClInclude>
    <ClInclude Include="GeneratedFiles\ui_addmanualstockitems.h">
      <Filter>Generated Files</Filter>
    </ClInclude>
    <ClInclude Include="GeneratedFiles\ui_genericsalesreportwidget.h">
      <Filter>Generated Files</Filter>
    </ClInclude>
    <ClInclude Include="GeneratedFiles\ui_generatestatistics.h">
      <Filter>Generated Files</Filter>
    </ClInclude>
    <ClInclude Include="GeneratedFiles\ui_supplieritemwidget.h">
      <Filter>Generated Files</Filter>
    </ClInclude>
    <ClInclude Include="GeneratedFiles\ui_systemsettingswidget.h">
      <Filter>Generated Files</Filter>
    </ClInclude>
    <ClInclude Include="GeneratedFiles\ui_calculatorwidget.h">
      <Filter>Generated Files</Filter>
    </ClInclude>
    <ClInclude Include="GeneratedFiles\ui_paymentui.h">
      <Filter>Generated Files</Filter>
    </ClInclude>
    <ClInclude Include="GeneratedFiles\ui_backuprestore.h">
      <Filter>Generated Files</Filter>
    </ClInclude>
    <ClInclude Include="GeneratedFiles\ui_returnitems.h">
      <Filter>Generated Files</Filter>
    </ClInclude>
    <ClInclude Include="GeneratedFiles\ui_reminders.h">
      <Filter>Generated Files</Filter>
    </ClInclude>
    <ClInclude Include="GeneratedFiles\ui_addcustomer.h">
      <Filter>Generated Files</Filter>
    </ClInclude>
    <ClInclude Include="GeneratedFiles\ui_customerinfo.h">
      <Filter>Generated Files</Filter>
    </ClInclude>
    <ClInclude Include="GeneratedFiles\ui_singlepayment.h">
      <Filter>Generated Files</Filter>
    </ClInclude>
    <ClInclude Include="GeneratedFiles\ui_multiplepayment.h">
      <Filter>Generated Files</Filter>
    </ClInclude>
    <ClInclude Include="GeneratedFiles\ui_authentication.h">
      <Filter>Generated Files</Filter>
    </ClInclude>
    <ClInclude Include="GeneratedFiles\ui_secondarydisplaywidget.h">
      <Filter>Generated Files</Filter>
    </ClInclude>
    <ClInclude Include="GeneratedFiles\ui_salesummary.h">
      <Filter>Generated Files</Filter>
    </ClInclude>
    <ClInclude Include="GeneratedFiles\ui_customeroutstanding.h">
      <Filter>Generated Files</Filter>
    </ClInclude>
    <ClInclude Include="GeneratedFiles\ui_pettycashsummary.h">
      <Filter>Generated Files</Filter>
    </ClInclude>
    <ClInclude Include="GeneratedFiles\ui_salesreport.h">
      <Filter>Generated Files</Filter>
    </ClInclude>
    <ClInclude Include="GeneratedFiles\ui_returnsummary.h">
      <Filter>Generated Files</Filter>
    </ClInclude>
    <ClInclude Include="GeneratedFiles\ui_paymentdetails.h">
      <Filter>Generated Files</Filter>
    </ClInclude>
    <ClInclude Include="GeneratedFiles\ui_overallsalessummary.h">
      <Filter>Generated Files</Filter>
    </ClInclude>
    <ClInclude Include="GeneratedFiles\ui_latepaymentwidget.h">
      <Filter>Generated Files</Filter>
    </ClInclude>
    <ClInclude Include="includes\entities\returnbill.h">
      <Filter>Header Files\enities</Filter>
    </ClInclude>
    <ClInclude Include="GeneratedFiles\ui_chequeinformation.h">
      <Filter>Generated Files</Filter>
    </ClInclude>
    <ClInclude Include="GeneratedFiles\ui_stockreport.h">
      <Filter>Generated Files</Filter>
    </ClInclude>
    <ClInclude Include="GeneratedFiles\ui_stockreportcontainer.h">
      <Filter>Generated Files</Filter>
    </ClInclude>
  </ItemGroup>
  <ItemGroup>
    <Image Include="icons\manage_item_categories.png">
      <Filter>Icons</Filter>
    </Image>
    <Image Include="icons\manage_item_prices.png">
      <Filter>Icons</Filter>
    </Image>
    <Image Include="icons\manage_items.png">
      <Filter>Icons</Filter>
    </Image>
    <Image Include="icons\manage_store.png">
      <Filter>Icons</Filter>
    </Image>
    <Image Include="icons\order_item.png">
      <Filter>Icons</Filter>
    </Image>
    <Image Include="icons\add_bill.png">
      <Filter>Icons</Filter>
    </Image>
    <Image Include="icons\all_bills.png">
      <Filter>Icons</Filter>
    </Image>
    <Image Include="icons\usb.png">
      <Filter>Resource Files</Filter>
    </Image>
  </ItemGroup>
</Project>